// !$*UTF8*$!
{
	archiveVersion = 1;
	classes = {
	};
	objectVersion = 56;
	objects = {

/* Begin PBXBuildFile section */
		099BD0B22B31FE320087DA2E /* UrlComponentConstants.swift in Sources */ = {isa = PBXBuildFile; fileRef = 099BD0B12B31FE320087DA2E /* UrlComponentConstants.swift */; };
		099BD0B52B31FF470087DA2E /* AcronymObject.swift in Sources */ = {isa = PBXBuildFile; fileRef = 099BD0B42B31FF470087DA2E /* AcronymObject.swift */; };
		099BD0B82B3200060087DA2E /* CustomErrors.swift in Sources */ = {isa = PBXBuildFile; fileRef = 099BD0B72B3200060087DA2E /* CustomErrors.swift */; };
		099BD0BB2B3200970087DA2E /* NetworkingService.swift in Sources */ = {isa = PBXBuildFile; fileRef = 099BD0BA2B3200970087DA2E /* NetworkingService.swift */; };
		099BD0C02B3224E60087DA2E /* ContentViewModel.swift in Sources */ = {isa = PBXBuildFile; fileRef = 099BD0BF2B3224E60087DA2E /* ContentViewModel.swift */; };
		09EA39952B31E64400EA683D /* CombineWithSwiftUIApp.swift in Sources */ = {isa = PBXBuildFile; fileRef = 09EA39942B31E64400EA683D /* CombineWithSwiftUIApp.swift */; };
		09EA39972B31E64400EA683D /* ContentView.swift in Sources */ = {isa = PBXBuildFile; fileRef = 09EA39962B31E64400EA683D /* ContentView.swift */; };
		09EA39992B31E64700EA683D /* Assets.xcassets in Resources */ = {isa = PBXBuildFile; fileRef = 09EA39982B31E64700EA683D /* Assets.xcassets */; };
		09EA399C2B31E64700EA683D /* Preview Assets.xcassets in Resources */ = {isa = PBXBuildFile; fileRef = 09EA399B2B31E64700EA683D /* Preview Assets.xcassets */; };
/* End PBXBuildFile section */

/* Begin PBXFileReference section */
		099BD0B12B31FE320087DA2E /* UrlComponentConstants.swift */ = {isa = PBXFileReference; lastKnownFileType = sourcecode.swift; path = UrlComponentConstants.swift; sourceTree = "<group>"; };
		099BD0B42B31FF470087DA2E /* AcronymObject.swift */ = {isa = PBXFileReference; lastKnownFileType = sourcecode.swift; path = AcronymObject.swift; sourceTree = "<group>"; };
		099BD0B72B3200060087DA2E /* CustomErrors.swift */ = {isa = PBXFileReference; lastKnownFileType = sourcecode.swift; path = CustomErrors.swift; sourceTree = "<group>"; };
		099BD0BA2B3200970087DA2E /* NetworkingService.swift */ = {isa = PBXFileReference; lastKnownFileType = sourcecode.swift; path = NetworkingService.swift; sourceTree = "<group>"; };
		099BD0BD2B32014E0087DA2E /* Info.plist */ = {isa = PBXFileReference; lastKnownFileType = text.plist; path = Info.plist; sourceTree = "<group>"; };
		099BD0BF2B3224E60087DA2E /* ContentViewModel.swift */ = {isa = PBXFileReference; lastKnownFileType = sourcecode.swift; name = ContentViewModel.swift; path = CombineWithSwiftUI/NetworkingManager/ContentViewModel.swift; sourceTree = SOURCE_ROOT; };
		09EA39912B31E64400EA683D /* CombineWithSwiftUI.app */ = {isa = PBXFileReference; explicitFileType = wrapper.application; includeInIndex = 0; path = CombineWithSwiftUI.app; sourceTree = BUILT_PRODUCTS_DIR; };
		09EA39942B31E64400EA683D /* CombineWithSwiftUIApp.swift */ = {isa = PBXFileReference; lastKnownFileType = sourcecode.swift; path = CombineWithSwiftUIApp.swift; sourceTree = "<group>"; };
		09EA39962B31E64400EA683D /* ContentView.swift */ = {isa = PBXFileReference; lastKnownFileType = sourcecode.swift; path = ContentView.swift; sourceTree = "<group>"; };
		09EA39982B31E64700EA683D /* Assets.xcassets */ = {isa = PBXFileReference; lastKnownFileType = folder.assetcatalog; path = Assets.xcassets; sourceTree = "<group>"; };
		09EA399B2B31E64700EA683D /* Preview Assets.xcassets */ = {isa = PBXFileReference; lastKnownFileType = folder.assetcatalog; path = "Preview Assets.xcassets"; sourceTree = "<group>"; };
/* End PBXFileReference section */

/* Begin PBXFrameworksBuildPhase section */
		09EA398E2B31E64400EA683D /* Frameworks */ = {
			isa = PBXFrameworksBuildPhase;
			buildActionMask = 2147483647;
			files = (
			);
			runOnlyForDeploymentPostprocessing = 0;
		};
/* End PBXFrameworksBuildPhase section */

/* Begin PBXGroup section */
		099BD0B32B31FF340087DA2E /* Models */ = {
			isa = PBXGroup;
			children = (
				099BD0B42B31FF470087DA2E /* AcronymObject.swift */,
			);
			path = Models;
			sourceTree = "<group>";
		};
		099BD0B62B31FFC70087DA2E /* CustomErrors */ = {
			isa = PBXGroup;
			children = (
				099BD0B72B3200060087DA2E /* CustomErrors.swift */,
			);
			path = CustomErrors;
			sourceTree = "<group>";
		};
		099BD0B92B32007D0087DA2E /* NetworkingManager */ = {
			isa = PBXGroup;
			children = (
				099BD0BA2B3200970087DA2E /* NetworkingService.swift */,
			);
			path = NetworkingManager;
			sourceTree = "<group>";
		};
		099BD0BC2B3200C80087DA2E /* Views */ = {
			isa = PBXGroup;
			children = (
				09EA39962B31E64400EA683D /* ContentView.swift */,
			);
			path = Views;
			sourceTree = "<group>";
		};
		099BD0BE2B32076D0087DA2E /* ViewModels */ = {
			isa = PBXGroup;
			children = (
				099BD0BF2B3224E60087DA2E /* ContentViewModel.swift */,
			);
			path = ViewModels;
			sourceTree = "<group>";
		};
		09EA39882B31E64400EA683D = {
			isa = PBXGroup;
			children = (
				09EA39932B31E64400EA683D /* CombineWithSwiftUI */,
				09EA39922B31E64400EA683D /* Products */,
			);
			sourceTree = "<group>";
		};
		09EA39922B31E64400EA683D /* Products */ = {
			isa = PBXGroup;
			children = (
				09EA39912B31E64400EA683D /* CombineWithSwiftUI.app */,
			);
			name = Products;
			sourceTree = "<group>";
		};
		09EA39932B31E64400EA683D /* CombineWithSwiftUI */ = {
			isa = PBXGroup;
			children = (
				099BD0BE2B32076D0087DA2E /* ViewModels */,
				099BD0BD2B32014E0087DA2E /* Info.plist */,
				099BD0BC2B3200C80087DA2E /* Views */,
				099BD0B92B32007D0087DA2E /* NetworkingManager */,
				099BD0B62B31FFC70087DA2E /* CustomErrors */,
				099BD0B32B31FF340087DA2E /* Models */,
				09EA39942B31E64400EA683D /* CombineWithSwiftUIApp.swift */,
				099BD0B12B31FE320087DA2E /* UrlComponentConstants.swift */,
				09EA39982B31E64700EA683D /* Assets.xcassets */,
				09EA399A2B31E64700EA683D /* Preview Content */,
			);
			path = CombineWithSwiftUI;
			sourceTree = "<group>";
		};
		09EA399A2B31E64700EA683D /* Preview Content */ = {
			isa = PBXGroup;
			children = (
				09EA399B2B31E64700EA683D /* Preview Assets.xcassets */,
			);
			path = "Preview Content";
			sourceTree = "<group>";
		};
/* End PBXGroup section */

/* Begin PBXNativeTarget section */
		09EA39902B31E64400EA683D /* CombineWithSwiftUI */ = {
			isa = PBXNativeTarget;
			buildConfigurationList = 09EA399F2B31E64700EA683D /* Build configuration list for PBXNativeTarget "CombineWithSwiftUI" */;
			buildPhases = (
				09EA398D2B31E64400EA683D /* Sources */,
				09EA398E2B31E64400EA683D /* Frameworks */,
				09EA398F2B31E64400EA683D /* Resources */,
			);
			buildRules = (
			);
			dependencies = (
			);
			name = CombineWithSwiftUI;
			productName = CombineWithSwiftUI;
			productReference = 09EA39912B31E64400EA683D /* CombineWithSwiftUI.app */;
			productType = "com.apple.product-type.application";
		};
/* End PBXNativeTarget section */

/* Begin PBXProject section */
		09EA39892B31E64400EA683D /* Project object */ = {
			isa = PBXProject;
			attributes = {
				BuildIndependentTargetsInParallel = 1;
				LastSwiftUpdateCheck = 1510;
				LastUpgradeCheck = 1510;
				TargetAttributes = {
					09EA39902B31E64400EA683D = {
						CreatedOnToolsVersion = 15.1;
					};
				};
			};
			buildConfigurationList = 09EA398C2B31E64400EA683D /* Build configuration list for PBXProject "CombineWithSwiftUI" */;
			compatibilityVersion = "Xcode 14.0";
			developmentRegion = en;
			hasScannedForEncodings = 0;
			knownRegions = (
				en,
				Base,
			);
			mainGroup = 09EA39882B31E64400EA683D;
			productRefGroup = 09EA39922B31E64400EA683D /* Products */;
			projectDirPath = "";
			projectRoot = "";
			targets = (
				09EA39902B31E64400EA683D /* CombineWithSwiftUI */,
			);
		};
/* End PBXProject section */

/* Begin PBXResourcesBuildPhase section */
		09EA398F2B31E64400EA683D /* Resources */ = {
			isa = PBXResourcesBuildPhase;
			buildActionMask = 2147483647;
			files = (
				09EA399C2B31E64700EA683D /* Preview Assets.xcassets in Resources */,
				09EA39992B31E64700EA683D /* Assets.xcassets in Resources */,
			);
			runOnlyForDeploymentPostprocessing = 0;
		};
/* End PBXResourcesBuildPhase section */

/* Begin PBXSourcesBuildPhase section */
		09EA398D2B31E64400EA683D /* Sources */ = {
			isa = PBXSourcesBuildPhase;
			buildActionMask = 2147483647;
			files = (
				09EA39972B31E64400EA683D /* ContentView.swift in Sources */,
				099BD0B82B3200060087DA2E /* CustomErrors.swift in Sources */,
				099BD0B22B31FE320087DA2E /* UrlComponentConstants.swift in Sources */,
				099BD0C02B3224E60087DA2E /* ContentViewModel.swift in Sources */,
				09EA39952B31E64400EA683D /* CombineWithSwiftUIApp.swift in Sources */,
				099BD0BB2B3200970087DA2E /* NetworkingService.swift in Sources */,
				099BD0B52B31FF470087DA2E /* AcronymObject.swift in Sources */,
			);
			runOnlyForDeploymentPostprocessing = 0;
		};
/* End PBXSourcesBuildPhase section */

/* Begin XCBuildConfiguration section */
		09EA399D2B31E64700EA683D /* Debug */ = {
			isa = XCBuildConfiguration;
			buildSettings = {
				ALWAYS_SEARCH_USER_PATHS = NO;
				ASSETCATALOG_COMPILER_GENERATE_SWIFT_ASSET_SYMBOL_EXTENSIONS = YES;
				CLANG_ANALYZER_NONNULL = YES;
				CLANG_ANALYZER_NUMBER_OBJECT_CONVERSION = YES_AGGRESSIVE;
				CLANG_CXX_LANGUAGE_STANDARD = "gnu++20";
				CLANG_ENABLE_MODULES = YES;
				CLANG_ENABLE_OBJC_ARC = YES;
				CLANG_ENABLE_OBJC_WEAK = YES;
				CLANG_WARN_BLOCK_CAPTURE_AUTORELEASING = YES;
				CLANG_WARN_BOOL_CONVERSION = YES;
				CLANG_WARN_COMMA = YES;
				CLANG_WARN_CONSTANT_CONVERSION = YES;
				CLANG_WARN_DEPRECATED_OBJC_IMPLEMENTATIONS = YES;
				CLANG_WARN_DIRECT_OBJC_ISA_USAGE = YES_ERROR;
				CLANG_WARN_DOCUMENTATION_COMMENTS = YES;
				CLANG_WARN_EMPTY_BODY = YES;
				CLANG_WARN_ENUM_CONVERSION = YES;
				CLANG_WARN_INFINITE_RECURSION = YES;
				CLANG_WARN_INT_CONVERSION = YES;
				CLANG_WARN_NON_LITERAL_NULL_CONVERSION = YES;
				CLANG_WARN_OBJC_IMPLICIT_RETAIN_SELF = YES;
				CLANG_WARN_OBJC_LITERAL_CONVERSION = YES;
				CLANG_WARN_OBJC_ROOT_CLASS = YES_ERROR;
				CLANG_WARN_QUOTED_INCLUDE_IN_FRAMEWORK_HEADER = YES;
				CLANG_WARN_RANGE_LOOP_ANALYSIS = YES;
				CLANG_WARN_STRICT_PROTOTYPES = YES;
				CLANG_WARN_SUSPICIOUS_MOVE = YES;
				CLANG_WARN_UNGUARDED_AVAILABILITY = YES_AGGRESSIVE;
				CLANG_WARN_UNREACHABLE_CODE = YES;
				CLANG_WARN__DUPLICATE_METHOD_MATCH = YES;
				COPY_PHASE_STRIP = NO;
				DEBUG_INFORMATION_FORMAT = dwarf;
				ENABLE_STRICT_OBJC_MSGSEND = YES;
				ENABLE_TESTABILITY = YES;
				ENABLE_USER_SCRIPT_SANDBOXING = YES;
				GCC_C_LANGUAGE_STANDARD = gnu17;
				GCC_DYNAMIC_NO_PIC = NO;
				GCC_NO_COMMON_BLOCKS = YES;
				GCC_OPTIMIZATION_LEVEL = 0;
				GCC_PREPROCESSOR_DEFINITIONS = (
					"DEBUG=1",
					"$(inherited)",
				);
				GCC_WARN_64_TO_32_BIT_CONVERSION = YES;
				GCC_WARN_ABOUT_RETURN_TYPE = YES_ERROR;
				GCC_WARN_UNDECLARED_SELECTOR = YES;
				GCC_WARN_UNINITIALIZED_AUTOS = YES_AGGRESSIVE;
				GCC_WARN_UNUSED_FUNCTION = YES;
				GCC_WARN_UNUSED_VARIABLE = YES;
				IPHONEOS_DEPLOYMENT_TARGET = 17.2;
				LOCALIZATION_PREFERS_STRING_CATALOGS = YES;
				MTL_ENABLE_DEBUG_INFO = INCLUDE_SOURCE;
				MTL_FAST_MATH = YES;
				ONLY_ACTIVE_ARCH = YES;
				SDKROOT = iphoneos;
				SWIFT_ACTIVE_COMPILATION_CONDITIONS = "DEBUG $(inherited)";
				SWIFT_OPTIMIZATION_LEVEL = "-Onone";
			};
			name = Debug;
		};
		09EA399E2B31E64700EA683D /* Release */ = {
			isa = XCBuildConfiguration;
			buildSettings = {
				ALWAYS_SEARCH_USER_PATHS = NO;
				ASSETCATALOG_COMPILER_GENERATE_SWIFT_ASSET_SYMBOL_EXTENSIONS = YES;
				CLANG_ANALYZER_NONNULL = YES;
				CLANG_ANALYZER_NUMBER_OBJECT_CONVERSION = YES_AGGRESSIVE;
				CLANG_CXX_LANGUAGE_STANDARD = "gnu++20";
				CLANG_ENABLE_MODULES = YES;
				CLANG_ENABLE_OBJC_ARC = YES;
				CLANG_ENABLE_OBJC_WEAK = YES;
				CLANG_WARN_BLOCK_CAPTURE_AUTORELEASING = YES;
				CLANG_WARN_BOOL_CONVERSION = YES;
				CLANG_WARN_COMMA = YES;
				CLANG_WARN_CONSTANT_CONVERSION = YES;
				CLANG_WARN_DEPRECATED_OBJC_IMPLEMENTATIONS = YES;
				CLANG_WARN_DIRECT_OBJC_ISA_USAGE = YES_ERROR;
				CLANG_WARN_DOCUMENTATION_COMMENTS = YES;
				CLANG_WARN_EMPTY_BODY = YES;
				CLANG_WARN_ENUM_CONVERSION = YES;
				CLANG_WARN_INFINITE_RECURSION = YES;
				CLANG_WARN_INT_CONVERSION = YES;
				CLANG_WARN_NON_LITERAL_NULL_CONVERSION = YES;
				CLANG_WARN_OBJC_IMPLICIT_RETAIN_SELF = YES;
				CLANG_WARN_OBJC_LITERAL_CONVERSION = YES;
				CLANG_WARN_OBJC_ROOT_CLASS = YES_ERROR;
				CLANG_WARN_QUOTED_INCLUDE_IN_FRAMEWORK_HEADER = YES;
				CLANG_WARN_RANGE_LOOP_ANALYSIS = YES;
				CLANG_WARN_STRICT_PROTOTYPES = YES;
				CLANG_WARN_SUSPICIOUS_MOVE = YES;
				CLANG_WARN_UNGUARDED_AVAILABILITY = YES_AGGRESSIVE;
				CLANG_WARN_UNREACHABLE_CODE = YES;
				CLANG_WARN__DUPLICATE_METHOD_MATCH = YES;
				COPY_PHASE_STRIP = NO;
				DEBUG_INFORMATION_FORMAT = "dwarf-with-dsym";
				ENABLE_NS_ASSERTIONS = NO;
				ENABLE_STRICT_OBJC_MSGSEND = YES;
				ENABLE_USER_SCRIPT_SANDBOXING = YES;
				GCC_C_LANGUAGE_STANDARD = gnu17;
				GCC_NO_COMMON_BLOCKS = YES;
				GCC_WARN_64_TO_32_BIT_CONVERSION = YES;
				GCC_WARN_ABOUT_RETURN_TYPE = YES_ERROR;
				GCC_WARN_UNDECLARED_SELECTOR = YES;
				GCC_WARN_UNINITIALIZED_AUTOS = YES_AGGRESSIVE;
				GCC_WARN_UNUSED_FUNCTION = YES;
				GCC_WARN_UNUSED_VARIABLE = YES;
				IPHONEOS_DEPLOYMENT_TARGET = 17.2;
				LOCALIZATION_PREFERS_STRING_CATALOGS = YES;
				MTL_ENABLE_DEBUG_INFO = NO;
				MTL_FAST_MATH = YES;
				SDKROOT = iphoneos;
				SWIFT_COMPILATION_MODE = wholemodule;
				VALIDATE_PRODUCT = YES;
			};
			name = Release;
		};
		09EA39A02B31E64700EA683D /* Debug */ = {
			isa = XCBuildConfiguration;
			buildSettings = {
				ASSETCATALOG_COMPILER_APPICON_NAME = AppIcon;
				ASSETCATALOG_COMPILER_GLOBAL_ACCENT_COLOR_NAME = AccentColor;
				CODE_SIGN_STYLE = Automatic;
				CURRENT_PROJECT_VERSION = 1;
				DEVELOPMENT_ASSET_PATHS = "\"CombineWithSwiftUI/Preview Content\"";
				DEVELOPMENT_TEAM = 93TAG27MAJ;
				ENABLE_PREVIEWS = YES;
				GENERATE_INFOPLIST_FILE = YES;
				INFOPLIST_FILE = CombineWithSwiftUI/Info.plist;
				INFOPLIST_KEY_UIApplicationSceneManifest_Generation = YES;
				INFOPLIST_KEY_UIApplicationSupportsIndirectInputEvents = YES;
				INFOPLIST_KEY_UILaunchScreen_Generation = YES;
				INFOPLIST_KEY_UISupportedInterfaceOrientations_iPad = "UIInterfaceOrientationPortrait UIInterfaceOrientationPortraitUpsideDown UIInterfaceOrientationLandscapeLeft UIInterfaceOrientationLandscapeRight";
				INFOPLIST_KEY_UISupportedInterfaceOrientations_iPhone = "UIInterfaceOrientationPortrait UIInterfaceOrientationLandscapeLeft UIInterfaceOrientationLandscapeRight";
				LD_RUNPATH_SEARCH_PATHS = (
					"$(inherited)",
					"@executable_path/Frameworks",
				);
				MARKETING_VERSION = 1.0;
				PRODUCT_BUNDLE_IDENTIFIER = com.iOS.PragmaticProgramming.CombineWithSwiftUI;
				PRODUCT_NAME = "$(TARGET_NAME)";
				SWIFT_EMIT_LOC_STRINGS = YES;
				SWIFT_VERSION = 5.0;
				TARGETED_DEVICE_FAMILY = "1,2";
			};
			name = Debug;
		};
		09EA39A12B31E64700EA683D /* Release */ = {
			isa = XCBuildConfiguration;
			buildSettings = {
				ASSETCATALOG_COMPILER_APPICON_NAME = AppIcon;
				ASSETCATALOG_COMPILER_GLOBAL_ACCENT_COLOR_NAME = AccentColor;
				CODE_SIGN_STYLE = Automatic;
				CURRENT_PROJECT_VERSION = 1;
				DEVELOPMENT_ASSET_PATHS = "\"CombineWithSwiftUI/Preview Content\"";
				DEVELOPMENT_TEAM = 93TAG27MAJ;
				ENABLE_PREVIEWS = YES;
				GENERATE_INFOPLIST_FILE = YES;
				INFOPLIST_FILE = CombineWithSwiftUI/Info.plist;
				INFOPLIST_KEY_UIApplicationSceneManifest_Generation = YES;
				INFOPLIST_KEY_UIApplicationSupportsIndirectInputEvents = YES;
				INFOPLIST_KEY_UILaunchScreen_Generation = YES;
				INFOPLIST_KEY_UISupportedInterfaceOrientations_iPad = "UIInterfaceOrientationPortrait UIInterfaceOrientationPortraitUpsideDown UIInterfaceOrientationLandscapeLeft UIInterfaceOrientationLandscapeRight";
				INFOPLIST_KEY_UISupportedInterfaceOrientations_iPhone = "UIInterfaceOrientationPortrait UIInterfaceOrientationLandscapeLeft UIInterfaceOrientationLandscapeRight";
				LD_RUNPATH_SEARCH_PATHS = (
					"$(inherited)",
					"@executable_path/Frameworks",
				);
				MARKETING_VERSION = 1.0;
				PRODUCT_BUNDLE_IDENTIFIER = com.iOS.PragmaticProgramming.CombineWithSwiftUI;
				PRODUCT_NAME = "$(TARGET_NAME)";
				SWIFT_EMIT_LOC_STRINGS = YES;
				SWIFT_VERSION = 5.0;
				TARGETED_DEVICE_FAMILY = "1,2";
			};
			name = Release;
		};
/* End XCBuildConfiguration section */

/* Begin XCConfigurationList section */
		09EA398C2B31E64400EA683D /* Build configuration list for PBXProject "CombineWithSwiftUI" */ = {
			isa = XCConfigurationList;
			buildConfigurations = (
				09EA399D2B31E64700EA683D /* Debug */,
				09EA399E2B31E64700EA683D /* Release */,
			);
			defaultConfigurationIsVisible = 0;
			defaultConfigurationName = Release;
		};
		09EA399F2B31E64700EA683D /* Build configuration list for PBXNativeTarget "CombineWithSwiftUI" */ = {
			isa = XCConfigurationList;
			buildConfigurations = (
				09EA39A02B31E64700EA683D /* Debug */,
				09EA39A12B31E64700EA683D /* Release */,
			);
			defaultConfigurationIsVisible = 0;
			defaultConfigurationName = Release;
		};
/* End XCConfigurationList section */
	};
	rootObject = 09EA39892B31E64400EA683D /* Project object */;
}
